{
  "name": "bayeux",
  "version": "1.0.0",
  "lockfileVersion": 1,
  "requires": true,
  "dependencies": {
    "@pixi/accessibility": {
      "version": "5.3.4",
      "resolved": "https://registry.npmjs.org/@pixi/accessibility/-/accessibility-5.3.4.tgz",
      "integrity": "sha512-g8hQnnVSYJ+gLrdQyCsDDSu+VehhVL9Pcr2fkQSC9VBhxiMIN+Paky8kOxC2LL5nsKRIUGGaTa6iHtiopPQQMw==",
      "requires": {
        "@pixi/core": "5.3.4",
        "@pixi/display": "5.3.4",
        "@pixi/utils": "5.3.4"
      }
    },
    "@pixi/app": {
      "version": "5.3.4",
      "resolved": "https://registry.npmjs.org/@pixi/app/-/app-5.3.4.tgz",
      "integrity": "sha512-XT/EFyGslFdvdHY9ZS7yDAdLOj0U1UHeLxFr1kwiawuwIt/WsxNeH4jq2IijvZuQ3L5ON7Y7zQf54JEPv5fK0Q==",
      "requires": {
        "@pixi/core": "5.3.4",
        "@pixi/display": "5.3.4"
      }
    },
    "@pixi/constants": {
      "version": "5.3.4",
      "resolved": "https://registry.npmjs.org/@pixi/constants/-/constants-5.3.4.tgz",
      "integrity": "sha512-YsWjdMVMoJA8kG/0D4s9/DWWa2lPlexk0qNZOcV3tICaPG0IYfIhepfveMeMhIb0QrdSAsPbhYdcaxxgoaNF1A=="
    },
    "@pixi/core": {
      "version": "5.3.4",
      "resolved": "https://registry.npmjs.org/@pixi/core/-/core-5.3.4.tgz",
      "integrity": "sha512-k6SRniy4pH7ZKAKC2HkbLSKPm+j7bF17fTO5+6xLSiVqLnfa7ChV51wNuoa30olVF3/d8ME2uraf7dsvXwomzw==",
      "requires": {
        "@pixi/constants": "5.3.4",
        "@pixi/math": "5.3.4",
        "@pixi/runner": "5.3.4",
        "@pixi/settings": "5.3.4",
        "@pixi/ticker": "5.3.4",
        "@pixi/utils": "5.3.4"
      }
    },
    "@pixi/display": {
      "version": "5.3.4",
      "resolved": "https://registry.npmjs.org/@pixi/display/-/display-5.3.4.tgz",
      "integrity": "sha512-RCi39Qi1L8mlIu1YvWvPI45WpKHRbpYlvSIT/414wmoaAoFZnaJ+qoVuqDCfzfNhWWirGAWpXniQjNRzkUZjcA==",
      "requires": {
        "@pixi/math": "5.3.4",
        "@pixi/settings": "5.3.4",
        "@pixi/utils": "5.3.4"
      }
    },
    "@pixi/extract": {
      "version": "5.3.4",
      "resolved": "https://registry.npmjs.org/@pixi/extract/-/extract-5.3.4.tgz",
      "integrity": "sha512-HTGF5WKts4kF0v1rOU4YcLMUpb18FzcxKhaCwjXpqm3vANgjuGAUL9PxpmC4ecS03mkRa0+9vAXEUkJLQeNLPg==",
      "requires": {
        "@pixi/core": "5.3.4",
        "@pixi/math": "5.3.4",
        "@pixi/utils": "5.3.4"
      }
    },
    "@pixi/filter-alpha": {
      "version": "5.3.4",
      "resolved": "https://registry.npmjs.org/@pixi/filter-alpha/-/filter-alpha-5.3.4.tgz",
      "integrity": "sha512-lgRCN8bDeHlMpRtQv/P5gCJ+9e3AufJVC2H0TdkCRmJqm1dB+rhKwxIeNINsjjz+kiuumOe88CxRbRd3CpEydg==",
      "requires": {
        "@pixi/core": "5.3.4"
      }
    },
    "@pixi/filter-blur": {
      "version": "5.3.4",
      "resolved": "https://registry.npmjs.org/@pixi/filter-blur/-/filter-blur-5.3.4.tgz",
      "integrity": "sha512-PYPHc8MEsZWfmVQkm0UKO70dmZpcWyu/Bs0xJa5apsmCm6zXNzXfMh02lsXu82HrNQ+9iJT/mAKrrDABGn9vtg==",
      "requires": {
        "@pixi/core": "5.3.4",
        "@pixi/settings": "5.3.4"
      }
    },
    "@pixi/filter-color-matrix": {
      "version": "5.3.4",
      "resolved": "https://registry.npmjs.org/@pixi/filter-color-matrix/-/filter-color-matrix-5.3.4.tgz",
      "integrity": "sha512-9Iflvr1moc7ns5A/73lWVwLUbe+wb678NLA4X9SYXAJTiij4M1isDrULhk95TGUaWo4bbSBaov1vm8XbUZNG8w==",
      "requires": {
        "@pixi/core": "5.3.4"
      }
    },
    "@pixi/filter-displacement": {
      "version": "5.3.4",
      "resolved": "https://registry.npmjs.org/@pixi/filter-displacement/-/filter-displacement-5.3.4.tgz",
      "integrity": "sha512-CldemXpcKr1GRT1Ll33TTFWtU6KDl4sYTvAwWTAEu8OhKedobBB/mRCIK9p1h7iZYtaj5MRYQjewmFKRrqyXrQ==",
      "requires": {
        "@pixi/core": "5.3.4",
        "@pixi/math": "5.3.4"
      }
    },
    "@pixi/filter-fxaa": {
      "version": "5.3.4",
      "resolved": "https://registry.npmjs.org/@pixi/filter-fxaa/-/filter-fxaa-5.3.4.tgz",
      "integrity": "sha512-GtIfaOsqQlsK+F1795V/JJIq5Uu15nasiCwGr+wVwHNGMBanAXt7AnSy8JHcgup3Eqx8FXRuM/AyD/4IYUquuA==",
      "requires": {
        "@pixi/core": "5.3.4"
      }
    },
    "@pixi/filter-noise": {
      "version": "5.3.4",
      "resolved": "https://registry.npmjs.org/@pixi/filter-noise/-/filter-noise-5.3.4.tgz",
      "integrity": "sha512-pNq4T4LC2naWz0pZXF3RT9aA7XdLL4TuBjJsYrrBaJZraupbOo6Mp8VwxVJs8GThmMl7/U13GalOzVSb/HjzDg==",
      "requires": {
        "@pixi/core": "5.3.4"
      }
    },
    "@pixi/graphics": {
      "version": "5.3.4",
      "resolved": "https://registry.npmjs.org/@pixi/graphics/-/graphics-5.3.4.tgz",
      "integrity": "sha512-W6cuFfzwgfx3zVFICu98cENgwjy+d2e6xNJ/yJI0q8QiwlZmpuSXHBCfZrtIWpp9VSJZe2KDIo1LUnLhCpp3Yg==",
      "requires": {
        "@pixi/constants": "5.3.4",
        "@pixi/core": "5.3.4",
        "@pixi/display": "5.3.4",
        "@pixi/math": "5.3.4",
        "@pixi/sprite": "5.3.4",
        "@pixi/utils": "5.3.4"
      }
    },
    "@pixi/interaction": {
      "version": "5.3.4",
      "resolved": "https://registry.npmjs.org/@pixi/interaction/-/interaction-5.3.4.tgz",
      "integrity": "sha512-7/JN7AtCuYmmWczrQROKSI9Z42p6C6p7B2wDVqNYYgROSaeGbGsZ8H0sa6nYLnIj4F3CaGSRoRnAMPz+CO70bw==",
      "requires": {
        "@pixi/core": "5.3.4",
        "@pixi/display": "5.3.4",
        "@pixi/math": "5.3.4",
        "@pixi/ticker": "5.3.4",
        "@pixi/utils": "5.3.4"
      }
    },
    "@pixi/loaders": {
      "version": "5.3.4",
      "resolved": "https://registry.npmjs.org/@pixi/loaders/-/loaders-5.3.4.tgz",
      "integrity": "sha512-/dFznZnsivzq/MW7n/PPhMeznWFMMDYrac958OlxzSwrEAgtq6ZVLZbz7pCf9uhiifMnqwBGefphOFubj3Qorw==",
      "requires": {
        "@pixi/core": "5.3.4",
        "@pixi/utils": "5.3.4",
        "resource-loader": "^3.0.1"
      }
    },
    "@pixi/math": {
      "version": "5.3.4",
      "resolved": "https://registry.npmjs.org/@pixi/math/-/math-5.3.4.tgz",
      "integrity": "sha512-UQ2jhdlCHIvAVf8EcHB3QuR5GhB49VdTccWmer96RZCeGkcZsPSUk1ldO1GZnIctcf0Iuvmq74G02dYbtC7JxQ=="
    },
    "@pixi/mesh": {
      "version": "5.3.4",
      "resolved": "https://registry.npmjs.org/@pixi/mesh/-/mesh-5.3.4.tgz",
      "integrity": "sha512-y0Y52cwsqETc/35DMGVCzQmhPCrQ3ZhjWcW9JwQoHMy3PoNSN9QUqYjVjF2oEj5hxcJnGNo3GAXFZz2Uh/UReQ==",
      "requires": {
        "@pixi/constants": "5.3.4",
        "@pixi/core": "5.3.4",
        "@pixi/display": "5.3.4",
        "@pixi/math": "5.3.4",
        "@pixi/settings": "5.3.4",
        "@pixi/utils": "5.3.4"
      }
    },
    "@pixi/mesh-extras": {
      "version": "5.3.4",
      "resolved": "https://registry.npmjs.org/@pixi/mesh-extras/-/mesh-extras-5.3.4.tgz",
      "integrity": "sha512-mjc3RlgLGYUv2FUKrVv/Dfaj2KW5qhX9c6Ev+yJ4lg/sMblet5gtYuyKsmJMS/K6B8V8+oMlTfX9ozFCzq1oJQ==",
      "requires": {
        "@pixi/constants": "5.3.4",
        "@pixi/core": "5.3.4",
        "@pixi/math": "5.3.4",
        "@pixi/mesh": "5.3.4",
        "@pixi/utils": "5.3.4"
      }
    },
    "@pixi/mixin-cache-as-bitmap": {
      "version": "5.3.4",
      "resolved": "https://registry.npmjs.org/@pixi/mixin-cache-as-bitmap/-/mixin-cache-as-bitmap-5.3.4.tgz",
      "integrity": "sha512-8ZAmzDK1fHXIzYFHFH72LUMRZerY1Pt71XI3UgsWExABS1aREe20oPLuVByLP94W7X/kTXz+zK+nt51O5MGKsA==",
      "requires": {
        "@pixi/core": "5.3.4",
        "@pixi/display": "5.3.4",
        "@pixi/math": "5.3.4",
        "@pixi/settings": "5.3.4",
        "@pixi/sprite": "5.3.4",
        "@pixi/utils": "5.3.4"
      }
    },
    "@pixi/mixin-get-child-by-name": {
      "version": "5.3.4",
      "resolved": "https://registry.npmjs.org/@pixi/mixin-get-child-by-name/-/mixin-get-child-by-name-5.3.4.tgz",
      "integrity": "sha512-PY1Qe6CKYu+UNSRAFIfRyhRfkrpsTMwh9sI6iXVVi712bM3JkZIwDfDF31TA4nYX8z7H49w+KCWY4PejZ8l2WA==",
      "requires": {
        "@pixi/display": "5.3.4"
      }
    },
    "@pixi/mixin-get-global-position": {
      "version": "5.3.4",
      "resolved": "https://registry.npmjs.org/@pixi/mixin-get-global-position/-/mixin-get-global-position-5.3.4.tgz",
      "integrity": "sha512-yv+huwUAOfyXDEHbQp6W5/3RjQpwG6AhpgMY4b3XBMtvrp9R/5Wgw/YC/nea9kZ3Gb2u4Aqeco8U+tPIRNjeIA==",
      "requires": {
        "@pixi/display": "5.3.4",
        "@pixi/math": "5.3.4"
      }
    },
    "@pixi/particles": {
      "version": "5.3.4",
      "resolved": "https://registry.npmjs.org/@pixi/particles/-/particles-5.3.4.tgz",
      "integrity": "sha512-sX0BGGbS7yCwlam1mC5awW2BjU7QFmZv82E8ON/r9aAZS6InT25zOpMdvy0ImIIqBvF0Z1Qz1IT6pKEBxqMo9Q==",
      "requires": {
        "@pixi/constants": "5.3.4",
        "@pixi/core": "5.3.4",
        "@pixi/display": "5.3.4",
        "@pixi/math": "5.3.4",
        "@pixi/utils": "5.3.4"
      }
    },
    "@pixi/prepare": {
      "version": "5.3.4",
      "resolved": "https://registry.npmjs.org/@pixi/prepare/-/prepare-5.3.4.tgz",
      "integrity": "sha512-MVMvNTrNYQidWXd4LSkgv+eqTzHtSViADA+Tvnemy9QMuWqbTfxFn4UMhrBjQIfG9+hwdIFS14pfFKt/BLHNrw==",
      "requires": {
        "@pixi/core": "5.3.4",
        "@pixi/display": "5.3.4",
        "@pixi/graphics": "5.3.4",
        "@pixi/settings": "5.3.4",
        "@pixi/text": "5.3.4",
        "@pixi/ticker": "5.3.4"
      }
    },
    "@pixi/runner": {
      "version": "5.3.4",
      "resolved": "https://registry.npmjs.org/@pixi/runner/-/runner-5.3.4.tgz",
      "integrity": "sha512-iPWHVhv2js+NhDQNmePkHfic8SilBT7H/pzRjMqHqvafTdl8Y+4g+hdQDalZJNr3Ixl77QPAYlOKhegBujn2mQ=="
    },
    "@pixi/settings": {
      "version": "5.3.4",
      "resolved": "https://registry.npmjs.org/@pixi/settings/-/settings-5.3.4.tgz",
      "integrity": "sha512-Jqj1NLtYODCqK8ZKVccUBAaBDkn7SQ6b7N15FwxbiSgfbvwpynSKr6WQTxqMq29h42MKsic6BJcQrlGEbDNz5w==",
      "requires": {
        "ismobilejs": "^1.1.0"
      }
    },
    "@pixi/sprite": {
      "version": "5.3.4",
      "resolved": "https://registry.npmjs.org/@pixi/sprite/-/sprite-5.3.4.tgz",
      "integrity": "sha512-vO+GMJWnumnVzc2R7jGcLlUeIXIek+SDqVQyPDPJ5T8sWTgFhanHCrgpKfplZIu08X/zvIZQxPfd332R0waeog==",
      "requires": {
        "@pixi/constants": "5.3.4",
        "@pixi/core": "5.3.4",
        "@pixi/display": "5.3.4",
        "@pixi/math": "5.3.4",
        "@pixi/settings": "5.3.4",
        "@pixi/utils": "5.3.4"
      }
    },
    "@pixi/sprite-animated": {
      "version": "5.3.4",
      "resolved": "https://registry.npmjs.org/@pixi/sprite-animated/-/sprite-animated-5.3.4.tgz",
      "integrity": "sha512-HaTelbvm2xekw9b9GdYbupM2RZ/muRZvstkmSqMZhiIViZekzKPa5WQJwnqZzVBjCg735j09G8aF4H2NpNqF9g==",
      "requires": {
        "@pixi/core": "5.3.4",
        "@pixi/sprite": "5.3.4",
        "@pixi/ticker": "5.3.4"
      }
    },
    "@pixi/sprite-tiling": {
      "version": "5.3.4",
      "resolved": "https://registry.npmjs.org/@pixi/sprite-tiling/-/sprite-tiling-5.3.4.tgz",
      "integrity": "sha512-NMqpNuWEIic2n5EL/TrGmn1+bab4TwxcILnco4myvw9Sd/wLsaJx3XboegY7YCWCKhnl+Ax6cl8DMkk7OJkpJQ==",
      "requires": {
        "@pixi/constants": "5.3.4",
        "@pixi/core": "5.3.4",
        "@pixi/display": "5.3.4",
        "@pixi/math": "5.3.4",
        "@pixi/sprite": "5.3.4",
        "@pixi/utils": "5.3.4"
      }
    },
    "@pixi/spritesheet": {
      "version": "5.3.4",
      "resolved": "https://registry.npmjs.org/@pixi/spritesheet/-/spritesheet-5.3.4.tgz",
      "integrity": "sha512-gfCqOMD2XJHw1bMXxXbuYPnBbCBUvbzMN7Pw2po7U5R6bsk7WEoG7Hp3HjAPyPQvg36v2Db6dcz0//ZNNqm+EQ==",
      "requires": {
        "@pixi/core": "5.3.4",
        "@pixi/loaders": "5.3.4",
        "@pixi/math": "5.3.4",
        "@pixi/utils": "5.3.4"
      }
    },
    "@pixi/text": {
      "version": "5.3.4",
      "resolved": "https://registry.npmjs.org/@pixi/text/-/text-5.3.4.tgz",
      "integrity": "sha512-kmdK1KLrWY8PHGIIXKVRQmik3gWquiYz6DB0jqabi3j0gVp6h+CVDje01N6Nl75ZCQ/PjaWafzQvURypfX73ng==",
      "requires": {
        "@pixi/core": "5.3.4",
        "@pixi/math": "5.3.4",
        "@pixi/settings": "5.3.4",
        "@pixi/sprite": "5.3.4",
        "@pixi/utils": "5.3.4"
      }
    },
    "@pixi/text-bitmap": {
      "version": "5.3.4",
      "resolved": "https://registry.npmjs.org/@pixi/text-bitmap/-/text-bitmap-5.3.4.tgz",
      "integrity": "sha512-uNJOYvy3sn0S5Bp6H113ZAmaQm68ojCXSuOBJzIMEV2cUuYLngW+7DqKOsHMMhNmcONs/OBq57SRrzDcr8WYdw==",
      "requires": {
        "@pixi/core": "5.3.4",
        "@pixi/display": "5.3.4",
        "@pixi/loaders": "5.3.4",
        "@pixi/math": "5.3.4",
        "@pixi/mesh": "5.3.4",
        "@pixi/settings": "5.3.4",
        "@pixi/text": "5.3.4",
        "@pixi/utils": "5.3.4"
      }
    },
    "@pixi/ticker": {
      "version": "5.3.4",
      "resolved": "https://registry.npmjs.org/@pixi/ticker/-/ticker-5.3.4.tgz",
      "integrity": "sha512-PmCAstgyI6vLPXKZVFlo4Zornry21BwFiTOp1dBUW3sIMky9Wx2fajjyVHIridCY6yaazt6Xu37khZf5qRgASw==",
      "requires": {
        "@pixi/settings": "5.3.4"
      }
    },
    "@pixi/utils": {
      "version": "5.3.4",
      "resolved": "https://registry.npmjs.org/@pixi/utils/-/utils-5.3.4.tgz",
      "integrity": "sha512-HjUWFfAmPPKX0BSq20GWY//Vm+gC9O+wcn9sXMqOItCuf0DDFwxoBrUVaHNNnEVhM1Djpz/+YijCijmGdZeddA==",
      "requires": {
        "@pixi/constants": "5.3.4",
        "@pixi/settings": "5.3.4",
        "earcut": "^2.1.5",
        "eventemitter3": "^3.1.0",
        "url": "^0.11.0"
      }
    },
    "earcut": {
      "version": "2.2.2",
      "resolved": "https://registry.npmjs.org/earcut/-/earcut-2.2.2.tgz",
      "integrity": "sha512-eZoZPPJcUHnfRZ0PjLvx2qBordSiO8ofC3vt+qACLM95u+4DovnbYNpQtJh0DNsWj8RnxrQytD4WA8gj5cRIaQ=="
    },
    "ecsy": {
      "version": "0.4.2",
      "resolved": "https://registry.npmjs.org/ecsy/-/ecsy-0.4.2.tgz",
      "integrity": "sha512-dVKOkuz1IsRvS7GlHcWghUtMZzXr70h6b+SQEHlKy2RgsCRNDzdYr6a43Q6HafuquA/67YFZCQt8zqadq/jlLA=="
    },
    "eventemitter3": {
      "version": "3.1.2",
      "resolved": "https://registry.npmjs.org/eventemitter3/-/eventemitter3-3.1.2.tgz",
      "integrity": "sha512-tvtQIeLVHjDkJYnzf2dgVMxfuSGJeM/7UCG17TT4EumTfNtF+0nebF/4zWOIkCreAbtNqhGEboB6BWrwqNaw4Q=="
    },
    "ismobilejs": {
      "version": "1.1.1",
      "resolved": "https://registry.npmjs.org/ismobilejs/-/ismobilejs-1.1.1.tgz",
      "integrity": "sha512-VaFW53yt8QO61k2WJui0dHf4SlL8lxBofUuUmwBo0ljPk0Drz2TiuDW4jo3wDcv41qy/SxrJ+VAzJ/qYqsmzRw=="
    },
    "mini-signals": {
      "version": "1.2.0",
      "resolved": "https://registry.npmjs.org/mini-signals/-/mini-signals-1.2.0.tgz",
      "integrity": "sha1-RbCAE8X65RokqhqTXNMXye1yHXQ="
    },
    "parse-uri": {
      "version": "1.0.3",
      "resolved": "https://registry.npmjs.org/parse-uri/-/parse-uri-1.0.3.tgz",
      "integrity": "sha512-upMnGxNcm+45So85HoguwZTVZI9u11i36DdxJfGF2HYWS2eh3TIx7+/tTi7qrEq15qzGkVhsKjesau+kCk48pA=="
    },
    "pixi-tilemap": {
      "version": "2.1.4",
      "resolved": "https://registry.npmjs.org/pixi-tilemap/-/pixi-tilemap-2.1.4.tgz",
      "integrity": "sha512-0sWZIdBn1aRiF4S9q/+gRHKEYp7AZhliX3Ae5LftqY+qJXsOvwVAfOv33/x+6a+T4LgVExhIsk57dSH/QCRr0A=="
    },
    "pixi.js": {
      "version": "5.0.0-rc",
      "resolved": "https://registry.npmjs.org/pixi.js/-/pixi.js-5.0.0-rc.tgz",
      "integrity": "sha512-C6Gc09RPKEoejeklaPnPJxY3jPXcPBXjri5tsEYQCEh5unVA+BBPzrPcofJyvvTolNgdONTZ76yk5QQ+qi0bqg==",
      "requires": {
        "@pixi/accessibility": "^5.0.0-rc",
        "@pixi/app": "^5.0.0-rc",
        "@pixi/constants": "^5.0.0-rc",
        "@pixi/core": "^5.0.0-rc",
        "@pixi/display": "^5.0.0-rc",
        "@pixi/extract": "^5.0.0-rc",
        "@pixi/filter-alpha": "^5.0.0-rc",
        "@pixi/filter-blur": "^5.0.0-rc",
        "@pixi/filter-color-matrix": "^5.0.0-rc",
        "@pixi/filter-displacement": "^5.0.0-rc",
        "@pixi/filter-fxaa": "^5.0.0-rc",
        "@pixi/filter-noise": "^5.0.0-rc",
        "@pixi/graphics": "^5.0.0-rc",
        "@pixi/interaction": "^5.0.0-rc",
        "@pixi/loaders": "^5.0.0-rc",
        "@pixi/math": "^5.0.0-rc",
        "@pixi/mesh": "^5.0.0-rc",
        "@pixi/mesh-extras": "^5.0.0-rc",
        "@pixi/mixin-cache-as-bitmap": "^5.0.0-rc",
        "@pixi/mixin-get-child-by-name": "^5.0.0-rc",
        "@pixi/mixin-get-global-position": "^5.0.0-rc",
        "@pixi/particles": "^5.0.0-rc",
        "@pixi/prepare": "^5.0.0-rc",
        "@pixi/settings": "^5.0.0-rc",
        "@pixi/sprite": "^5.0.0-rc",
        "@pixi/sprite-animated": "^5.0.0-rc",
        "@pixi/sprite-tiling": "^5.0.0-rc",
        "@pixi/spritesheet": "^5.0.0-rc",
        "@pixi/text": "^5.0.0-rc",
        "@pixi/text-bitmap": "^5.0.0-rc",
        "@pixi/ticker": "^5.0.0-rc",
        "@pixi/utils": "^5.0.0-rc"
      }
    },
    "punycode": {
      "version": "1.3.2",
      "resolved": "https://registry.npmjs.org/punycode/-/punycode-1.3.2.tgz",
      "integrity": "sha1-llOgNvt8HuQjQvIyXM7v6jkmxI0="
    },
    "querystring": {
      "version": "0.2.0",
      "resolved": "https://registry.npmjs.org/querystring/-/querystring-0.2.0.tgz",
      "integrity": "sha1-sgmEkgO7Jd+CDadW50cAWHhSFiA="
    },
    "resource-loader": {
      "version": "3.0.1",
      "resolved": "https://registry.npmjs.org/resource-loader/-/resource-loader-3.0.1.tgz",
      "integrity": "sha512-fBuCRbEHdLCI1eglzQhUv9Rrdcmqkydr1r6uHE2cYHvRBrcLXeSmbE/qI/urFt8rPr/IGxir3BUwM5kUK8XoyA==",
      "requires": {
        "mini-signals": "^1.2.0",
        "parse-uri": "^1.0.0"
      }
    },
    "url": {
      "version": "0.11.0",
      "resolved": "https://registry.npmjs.org/url/-/url-0.11.0.tgz",
      "integrity": "sha1-ODjpfPxgUh63PFJajlW/3Z4uKPE=",
      "requires": {
        "punycode": "1.3.2",
        "querystring": "0.2.0"
      }
    }
  }
}
